
Microsoft Visual Studio Solution File, Format Version 12.00
# Visual Studio 2012
Project("{FAE04EC0-301F-11D3-BF4B-00C04F79EFBC}") = "PersistentDynamicPodNames", "PersistentDynamicPodNames.csproj", "{AED92331-4FEF-4DF9-A3EF-4C155786301C}"
EndProject
Global
	GlobalSection(SolutionConfigurationPlatforms) = preSolution
		Debug|Any CPU = Debug|Any CPU
		Release|Any CPU = Release|Any CPU
	EndGlobalSection
	GlobalSection(ProjectConfigurationPlatforms) = postSolution
		{AED92331-4FEF-4DF9-A3EF-4C155786301C}.Debug|Any CPU.ActiveCfg = Debug|Any CPU
		{AED92331-4FEF-4DF9-A3EF-4C155786301C}.Debug|Any CPU.Build.0 = Debug|Any CPU
		{AED92331-4FEF-4DF9-A3EF-4C155786301C}.Release|Any CPU.ActiveCfg = Release|Any CPU
		{AED92331-4FEF-4DF9-A3EF-4C155786301C}.Release|Any CPU.Build.0 = Release|Any CPU
	EndGlobalSection
EndGlobal
